
Microsoft Visual Studio Solution File, Format Version 12.00
Project("{FAE04EC0-301F-11D3-BF4B-00C04F79EFBC}") = "EventPR", "EventPR\EventPR.csproj", "{5024A84A-DD79-4D2E-BF16-FE3A9B6C0DC1}"
EndProject
Global
	GlobalSection(SolutionConfigurationPlatforms) = preSolution
		Debug|Any CPU = Debug|Any CPU
		Release|Any CPU = Release|Any CPU
	EndGlobalSection
	GlobalSection(ProjectConfigurationPlatforms) = postSolution
		{5024A84A-DD79-4D2E-BF16-FE3A9B6C0DC1}.Debug|Any CPU.ActiveCfg = Debug|Any CPU
		{5024A84A-DD79-4D2E-BF16-FE3A9B6C0DC1}.Debug|Any CPU.Build.0 = Debug|Any CPU
		{5024A84A-DD79-4D2E-BF16-FE3A9B6C0DC1}.Release|Any CPU.ActiveCfg = Release|Any CPU
		{5024A84A-DD79-4D2E-BF16-FE3A9B6C0DC1}.Release|Any CPU.Build.0 = Release|Any CPU
	EndGlobalSection
EndGlobal
